<?xml version="1.0" encoding="utf-8"?>
<Project ToolsVersion="4.0" xmlns="http://schemas.microsoft.com/developer/msbuild/2003">
  <ItemGroup>
    <Filter Include="Source Files">
      <UniqueIdentifier>{4FC737F1-C7A5-4376-A066-2A32D752A2FF}</UniqueIdentifier>
      <Extensions>cpp;c;cc;cxx;c++;cppm;ixx;def;odl;idl;hpj;bat;asm;asmx</Extensions>
    </Filter>
    <Filter Include="Header Files">
      <UniqueIdentifier>{93995380-89BD-4b04-88EB-625FBE52EBFB}</UniqueIdentifier>
      <Extensions>h;hh;hpp;hxx;h++;hm;inl;inc;ipp;xsd</Extensions>
    </Filter>
    <Filter Include="Resource Files">
      <UniqueIdentifier>{67DA6AB6-F800-4c08-8B7A-83BB121AAD01}</UniqueIdentifier>
      <Extensions>rc;ico;cur;bmp;dlg;rc2;rct;bin;rgs;gif;jpg;jpeg;jpe;resx;tiff;tif;png;wav;mfcribbon-ms</Extensions>
    </Filter>
  </ItemGroup>
  <ItemGroup>
    <ClCompile Include="kyber_prep.cpp">
      <Filter>Source Files</Filter>
    </ClCompile>
    <ClCompile Include="aes.cpp">
      <Filter>Source Files</Filter>
    </ClCompile>
  </ItemGroup>
  <ItemGroup>
    <ClInclude Include="bench_subtle.hpp">
      <Filter>Header Files</Filter>
    </ClInclude>
    <ClInclude Include="compression.hpp">
      <Filter>Header Files</Filter>
    </ClInclude>
    <ClInclude Include="field.hpp">
      <Filter>Header Files</Filter>
    </ClInclude>
    <ClInclude Include="keccak.hpp">
      <Filter>Header Files</Filter>
    </ClInclude>
    <ClInclude Include="kem.hpp">
      <Filter>Header Files</Filter>
    </ClInclude>
    <ClInclude Include="kyber512_kem.hpp">
      <Filter>Header Files</Filter>
    </ClInclude>
    <ClInclude Include="kyber768_kem.hpp">
      <Filter>Header Files</Filter>
    </ClInclude>
    <ClInclude Include="kyber1024_kem.hpp">
      <Filter>Header Files</Filter>
    </ClInclude>
    <ClInclude Include="ntt.hpp">
      <Filter>Header Files</Filter>
    </ClInclude>
    <ClInclude Include="params.hpp">
      <Filter>Header Files</Filter>
    </ClInclude>
    <ClInclude Include="pke.hpp">
      <Filter>Header Files</Filter>
    </ClInclude>
    <ClInclude Include="poly_vec.hpp">
      <Filter>Header Files</Filter>
    </ClInclude>
    <ClInclude Include="prng.hpp">
      <Filter>Header Files</Filter>
    </ClInclude>
    <ClInclude Include="sampling.hpp">
      <Filter>Header Files</Filter>
    </ClInclude>
    <ClInclude Include="serialize.hpp">
      <Filter>Header Files</Filter>
    </ClInclude>
    <ClInclude Include="sha3_224.hpp">
      <Filter>Header Files</Filter>
    </ClInclude>
    <ClInclude Include="sha3_256.hpp">
      <Filter>Header Files</Filter>
    </ClInclude>
    <ClInclude Include="sha3_384.hpp">
      <Filter>Header Files</Filter>
    </ClInclude>
    <ClInclude Include="sha3_512.hpp">
      <Filter>Header Files</Filter>
    </ClInclude>
    <ClInclude Include="shake128.hpp">
      <Filter>Header Files</Filter>
    </ClInclude>
    <ClInclude Include="shake256.hpp">
      <Filter>Header Files</Filter>
    </ClInclude>
    <ClInclude Include="sponge.hpp">
      <Filter>Header Files</Filter>
    </ClInclude>
    <ClInclude Include="subtle.hpp">
      <Filter>Header Files</Filter>
    </ClInclude>
    <ClInclude Include="test_subtle.hpp">
      <Filter>Header Files</Filter>
    </ClInclude>
    <ClInclude Include="utils.hpp">
      <Filter>Header Files</Filter>
    </ClInclude>
    <ClInclude Include="utils1.hpp">
      <Filter>Header Files</Filter>
    </ClInclude>
    <ClInclude Include="aes.h">
      <Filter>Header Files</Filter>
    </ClInclude>
  </ItemGroup>
</Project>